{
    "name": "uView UI已发布Sketch和Axure设计资源",
    "version": "1.8.4",
    "lockfileVersion": 1,
    "requires": true,
    "dependencies": {
        "base-64": {
            "version": "1.0.0",
            "resolved": "https://registry.npm.taobao.org/base-64/download/base-64-1.0.0.tgz",
            "integrity": "sha1-CdDyCE4yo/0IwkdblzeI7uauj0o="
        },
        "bufferutil": {
            "version": "4.0.6",
            "resolved": "https://registry.npmmirror.com/bufferutil/download/bufferutil-4.0.6.tgz",
            "integrity": "sha512-jduaYOYtnio4aIAyc6UbvPCVcgq7nYpVnucyxr6eCYg/Woad9Hf/oxxBRDnGGjPfjUm6j5O/uBWhIu4iLebFaw==",
            "optional": true,
            "requires": {
                "node-gyp-build": "^4.3.0"
            }
        },
        "d": {
            "version": "1.0.1",
            "resolved": "https://registry.nlark.com/d/download/d-1.0.1.tgz",
            "integrity": "sha1-hpgJU3LVjb7jRv/Qxwk/mfj561o=",
            "requires": {
                "es5-ext": "^0.10.50",
                "type": "^1.0.1"
            }
        },
        "debug": {
            "version": "3.2.7",
            "resolved": "https://registry.npmmirror.com/debug/download/debug-3.2.7.tgz",
            "integrity": "sha512-CFjzYYAi4ThfiQvizrFQevTTXHtnCqWfe7x1AhgEscTz6ZbLbfoLRLPugTQyBth6f8ZERVUSyWHFD/7Wu4t1XQ==",
            "requires": {
                "ms": "^2.1.1"
            }
        },
        "es5-ext": {
            "version": "0.10.53",
            "resolved": "https://registry.nlark.com/es5-ext/download/es5-ext-0.10.53.tgz",
            "integrity": "sha1-k8WjrP2+8nUiCtcmRK0C7hg2jeE=",
            "requires": {
                "es6-iterator": "~2.0.3",
                "es6-symbol": "~3.1.3",
                "next-tick": "~1.0.0"
            }
        },
        "es6-iterator": {
            "version": "2.0.3",
            "resolved": "https://registry.nlark.com/es6-iterator/download/es6-iterator-2.0.3.tgz",
            "integrity": "sha1-p96IkUGgWpSwhUQDstCg+/qY87c=",
            "requires": {
                "d": "1",
                "es5-ext": "^0.10.35",
                "es6-symbol": "^3.1.1"
            }
        },
        "es6-symbol": {
            "version": "3.1.3",
            "resolved": "https://registry.nlark.com/es6-symbol/download/es6-symbol-3.1.3.tgz",
            "integrity": "sha1-utXTwbzawoJp9MszHkMceKxwXRg=",
            "requires": {
                "d": "^1.0.1",
                "ext": "^1.1.2"
            }
        },
        "eventsource": {
            "version": "1.1.0",
            "resolved": "https://registry.nlark.com/eventsource/download/eventsource-1.1.0.tgz",
            "integrity": "sha1-AOjKfJIQnpSw3fMtrGd9hBAoz68=",
            "requires": {
                "original": "^1.0.0"
            }
        },
        "ext": {
            "version": "1.6.0",
            "resolved": "https://registry.npmmirror.com/ext/download/ext-1.6.0.tgz",
            "integrity": "sha1-OHHVBkHodMwXLitT+RmELRnbTFI=",
            "requires": {
                "type": "^2.5.0"
            },
            "dependencies": {
                "type": {
                    "version": "2.5.0",
                    "resolved": "https://registry.nlark.com/type/download/type-2.5.0.tgz",
                    "integrity": "sha1-Ci54wud5B7JSq+XymMGwHGPw2z0="
                }
            }
        },
        "faye-websocket": {
            "version": "0.11.4",
            "resolved": "https://registry.nlark.com/faye-websocket/download/faye-websocket-0.11.4.tgz",
            "integrity": "sha1-fw2Sdc/dhqHJY9yLZfzEUe3Lsdo=",
            "requires": {
                "websocket-driver": ">=0.5.1"
            }
        },
        "http-parser-js": {
            "version": "0.5.5",
            "resolved": "https://registry.npmmirror.com/http-parser-js/download/http-parser-js-0.5.5.tgz",
            "integrity": "sha512-x+JVEkO2PoM8qqpbPbOL3cqHPwerep7OwzK7Ay+sMQjKzaKCqWvjoXm5tqMP9tXWWTnTzAjIhXg+J99XYuPhPA=="
        },
        "inherits": {
            "version": "2.0.4",
            "resolved": "https://registry.nlark.com/inherits/download/inherits-2.0.4.tgz",
            "integrity": "sha1-D6LGT5MpF8NDOg3tVTY6rjdBa3w="
        },
        "is-typedarray": {
            "version": "1.0.0",
            "resolved": "https://registry.nlark.com/is-typedarray/download/is-typedarray-1.0.0.tgz",
            "integrity": "sha1-5HnICFjfDBsR3dppQPlgEfzaSpo="
        },
        "json3": {
            "version": "3.3.3",
            "resolved": "https://registry.npmmirror.com/json3/download/json3-3.3.3.tgz",
            "integrity": "sha1-f8EON1/FrkLEcFpcwKpvYr4wW4E="
        },
        "ms": {
            "version": "2.1.3",
            "resolved": "https://registry.npmmirror.com/ms/download/ms-2.1.3.tgz",
            "integrity": "sha1-V0yBOM4dK1hh8LRFedut1gxmFbI="
        },
        "next-tick": {
            "version": "1.0.0",
            "resolved": "https://registry.nlark.com/next-tick/download/next-tick-1.0.0.tgz",
            "integrity": "sha1-yobR/ogoFpsBICCOPchCS524NCw="
        },
        "node-gyp-build": {
            "version": "4.3.0",
            "resolved": "https://registry.nlark.com/node-gyp-build/download/node-gyp-build-4.3.0.tgz?cache=0&sync_timestamp=1631436711963&other_urls=https%3A%2F%2Fregistry.nlark.com%2Fnode-gyp-build%2Fdownload%2Fnode-gyp-build-4.3.0.tgz",
            "integrity": "sha1-nyVrA+WCYVC+Ocdkv1Hpk5RtcaM=",
            "optional": true
        },
        "original": {
            "version": "1.0.2",
            "resolved": "https://registry.nlark.com/original/download/original-1.0.2.tgz",
            "integrity": "sha1-5EKmHP/hxf0gpl8yYcJmY7MD8l8=",
            "requires": {
                "url-parse": "^1.4.3"
            }
        },
        "querystringify": {
            "version": "2.2.0",
            "resolved": "https://registry.nlark.com/querystringify/download/querystringify-2.2.0.tgz",
            "integrity": "sha1-M0WUG0FTy50ILY7uTNogFqmu9/Y="
        },
        "requires-port": {
            "version": "1.0.0",
            "resolved": "https://registry.nlark.com/requires-port/download/requires-port-1.0.0.tgz",
            "integrity": "sha1-kl0mAdOaxIXgkc8NpcbmlNw9yv8="
        },
        "safe-buffer": {
            "version": "5.2.1",
            "resolved": "https://registry.nlark.com/safe-buffer/download/safe-buffer-5.2.1.tgz",
            "integrity": "sha1-Hq+fqb2x/dTsdfWPnNtOa3gn7sY="
        },
        "sockjs": {
            "version": "0.3.24",
            "resolved": "https://registry.npmmirror.com/sockjs/download/sockjs-0.3.24.tgz",
            "integrity": "sha512-GJgLTZ7vYb/JtPSSZ10hsOYIvEYsjbNU+zPdIHcUaWVNUEPivzxku31865sSSud0Da0W4lEeOPlmw93zLQchuQ==",
            "requires": {
                "faye-websocket": "^0.11.3",
                "uuid": "^8.3.2",
                "websocket-driver": "^0.7.4"
            }
        },
        "sockjs-client": {
            "version": "1.5.2",
            "resolved": "https://registry.nlark.com/sockjs-client/download/sockjs-client-1.5.2.tgz?cache=0&sync_timestamp=1629825451221&other_urls=https%3A%2F%2Fregistry.nlark.com%2Fsockjs-client%2Fdownload%2Fsockjs-client-1.5.2.tgz",
            "integrity": "sha1-S8SMLanOR2nxnccjOWtQ9cEjMKM=",
            "requires": {
                "debug": "^3.2.6",
                "eventsource": "^1.0.7",
                "faye-websocket": "^0.11.3",
                "inherits": "^2.0.4",
                "json3": "^3.3.3",
                "url-parse": "^1.5.3"
            }
        },
        "stompjs": {
            "version": "2.3.3",
            "resolved": "https://registry.npmmirror.com/stompjs/download/stompjs-2.3.3.tgz",
            "integrity": "sha512-5l/Ogz0DTFW7TrpHF0LAETGqM/so8UxNJvYZjJKqcX31EVprSQgnGkO80tZctPC/lFBDUrSFiTG3xd0R27XAIA==",
            "requires": {
                "websocket": "^1.0.34"
            }
        },
        "type": {
            "version": "1.2.0",
            "resolved": "https://registry.nlark.com/type/download/type-1.2.0.tgz",
            "integrity": "sha1-hI3XaY2vo+VKbEeedZxLw/GIR6A="
        },
        "typedarray-to-buffer": {
            "version": "3.1.5",
            "resolved": "https://registry.nlark.com/typedarray-to-buffer/download/typedarray-to-buffer-3.1.5.tgz",
            "integrity": "sha1-qX7nqf9CaRufeD/xvFES/j/KkIA=",
            "requires": {
                "is-typedarray": "^1.0.0"
            }
        },
        "url-parse": {
            "version": "1.5.4",
            "resolved": "https://registry.npmmirror.com/url-parse/download/url-parse-1.5.4.tgz",
            "integrity": "sha512-ITeAByWWoqutFClc/lRZnFplgXgEZr3WJ6XngMM/N9DMIm4K8zXPCZ1Jdu0rERwO84w1WC5wkle2ubwTA4NTBg==",
            "requires": {
                "querystringify": "^2.1.1",
                "requires-port": "^1.0.0"
            }
        },
        "utf-8-validate": {
            "version": "5.0.8",
            "resolved": "https://registry.npmmirror.com/utf-8-validate/download/utf-8-validate-5.0.8.tgz",
            "integrity": "sha512-k4dW/Qja1BYDl2qD4tOMB9PFVha/UJtxTc1cXYOe3WwA/2m0Yn4qB7wLMpJyLJ/7DR0XnTut3HsCSzDT4ZvKgA==",
            "optional": true,
            "requires": {
                "node-gyp-build": "^4.3.0"
            }
        },
        "uuid": {
            "version": "8.3.2",
            "resolved": "https://registry.npmmirror.com/uuid/download/uuid-8.3.2.tgz",
            "integrity": "sha512-+NYs2QeMWy+GWFOEm9xnn6HCDp0l7QBD7ml8zLUmJ+93Q5NF0NocErnwkTkXVFNiX3/fpC6afS8Dhb/gz7R7eg=="
        },
        "websocket": {
            "version": "1.0.34",
            "resolved": "https://registry.npmmirror.com/websocket/download/websocket-1.0.34.tgz",
            "integrity": "sha512-PRDso2sGwF6kM75QykIesBijKSVceR6jL2G8NGYyq2XrItNC2P5/qL5XeR056GhA+Ly7JMFvJb9I312mJfmqnQ==",
            "optional": true,
            "requires": {
                "bufferutil": "^4.0.1",
                "debug": "^2.2.0",
                "es5-ext": "^0.10.50",
                "typedarray-to-buffer": "^3.1.5",
                "utf-8-validate": "^5.0.2",
                "yaeti": "^0.0.6"
            },
            "dependencies": {
                "debug": {
                    "version": "2.6.9",
                    "resolved": "https://registry.npmmirror.com/debug/download/debug-2.6.9.tgz",
                    "integrity": "sha512-bC7ElrdJaJnPbAP+1EotYvqZsb3ecl5wi6Bfi6BJTUcNowp6cvspg0jXznRTKDjm/E7AdgFBVeAPVMNcKGsHMA==",
                    "optional": true,
                    "requires": {
                        "ms": "2.0.0"
                    }
                },
                "ms": {
                    "version": "2.0.0",
                    "resolved": "https://registry.npmmirror.com/ms/download/ms-2.0.0.tgz",
                    "integrity": "sha1-VgiurfwAvmwpAd9fmGF4jeDVl8g=",
                    "optional": true
                }
            }
        },
        "websocket-driver": {
            "version": "0.7.4",
            "resolved": "https://registry.nlark.com/websocket-driver/download/websocket-driver-0.7.4.tgz",
            "integrity": "sha1-ia1Slbv2S0gKvLox5JU6ynBvV2A=",
            "requires": {
                "http-parser-js": ">=0.5.1",
                "safe-buffer": ">=5.1.0",
                "websocket-extensions": ">=0.1.1"
            }
        },
        "websocket-extensions": {
            "version": "0.1.4",
            "resolved": "https://registry.nlark.com/websocket-extensions/download/websocket-extensions-0.1.4.tgz",
            "integrity": "sha1-f4RzvIOd/YdgituV1+sHUhFXikI="
        },
        "yaeti": {
            "version": "0.0.6",
            "resolved": "https://registry.npmmirror.com/yaeti/download/yaeti-0.0.6.tgz",
            "integrity": "sha1-8m9ITXJoTPQr7ft2lwqhYI+/lXc="
        }
    }
}
