{
    "name": "uView UI已发布Sketch和Axure设计资源",
    "version": "1.8.4",
    "lockfileVersion": 2,
    "requires": true,
    "packages": {
        "": {
            "name": "uView UI已发布Sketch和Axure设计资源",
            "version": "1.8.4",
            "dependencies": {
                "base-64": "^1.0.0"
            }
        },
        "node_modules/base-64": {
            "version": "1.0.0",
            "resolved": "https://registry.npm.taobao.org/base-64/download/base-64-1.0.0.tgz",
            "integrity": "sha1-CdDyCE4yo/0IwkdblzeI7uauj0o="
        }
    },
    "dependencies": {
        "base-64": {
            "version": "1.0.0",
            "resolved": "https://registry.npm.taobao.org/base-64/download/base-64-1.0.0.tgz",
            "integrity": "sha1-CdDyCE4yo/0IwkdblzeI7uauj0o="
        }
    }
}
